// !$*UTF8*$!
{
	archiveVersion = 1;
	classes = {
	};
	objectVersion = 50;
	objects = {

/* Begin PBXBuildFile section */
		77171125EAA0ACFD07AB9CDC /* Pods_ApolloTest.framework in Frameworks */ = {isa = PBXBuildFile; fileRef = 2F0C9E757ACF898D4DEE6573 /* Pods_ApolloTest.framework */; };
		8654FD4D22E8F0E700B91935 /* AppDelegate.swift in Sources */ = {isa = PBXBuildFile; fileRef = 8654FD4C22E8F0E700B91935 /* AppDelegate.swift */; };
		8654FD4F22E8F0E700B91935 /* ViewController.swift in Sources */ = {isa = PBXBuildFile; fileRef = 8654FD4E22E8F0E700B91935 /* ViewController.swift */; };
		8654FD5222E8F0E700B91935 /* Main.storyboard in Resources */ = {isa = PBXBuildFile; fileRef = 8654FD5022E8F0E700B91935 /* Main.storyboard */; };
		8654FD5422E8F0E900B91935 /* Assets.xcassets in Resources */ = {isa = PBXBuildFile; fileRef = 8654FD5322E8F0E900B91935 /* Assets.xcassets */; };
		8654FD5722E8F0E900B91935 /* LaunchScreen.storyboard in Resources */ = {isa = PBXBuildFile; fileRef = 8654FD5522E8F0E900B91935 /* LaunchScreen.storyboard */; };
		8654FD6422E8FA0400B91935 /* SwapiApollo.swift in Sources */ = {isa = PBXBuildFile; fileRef = 8654FD6322E8FA0400B91935 /* SwapiApollo.swift */; };
		8654FD6822E9AFDD00B91935 /* vehicle.graphql in Resources */ = {isa = PBXBuildFile; fileRef = 8654FD6722E9AFDD00B91935 /* vehicle.graphql */; };
		8654FD6A22E9B04E00B91935 /* schema.json in Resources */ = {isa = PBXBuildFile; fileRef = 8654FD6922E9B04E00B91935 /* schema.json */; };
		8654FD6C22E9BE9C00B91935 /* API.swift in Sources */ = {isa = PBXBuildFile; fileRef = 8654FD6B22E9BE9C00B91935 /* API.swift */; };
/* End PBXBuildFile section */

/* Begin PBXFileReference section */
		2F0C9E757ACF898D4DEE6573 /* Pods_ApolloTest.framework */ = {isa = PBXFileReference; explicitFileType = wrapper.framework; includeInIndex = 0; path = Pods_ApolloTest.framework; sourceTree = BUILT_PRODUCTS_DIR; };
		8654FD4922E8F0E700B91935 /* ApolloTest.app */ = {isa = PBXFileReference; explicitFileType = wrapper.application; includeInIndex = 0; path = ApolloTest.app; sourceTree = BUILT_PRODUCTS_DIR; };
		8654FD4C22E8F0E700B91935 /* AppDelegate.swift */ = {isa = PBXFileReference; lastKnownFileType = sourcecode.swift; path = AppDelegate.swift; sourceTree = "<group>"; };
		8654FD4E22E8F0E700B91935 /* ViewController.swift */ = {isa = PBXFileReference; lastKnownFileType = sourcecode.swift; path = ViewController.swift; sourceTree = "<group>"; };
		8654FD5122E8F0E700B91935 /* Base */ = {isa = PBXFileReference; lastKnownFileType = file.storyboard; name = Base; path = Base.lproj/Main.storyboard; sourceTree = "<group>"; };
		8654FD5322E8F0E900B91935 /* Assets.xcassets */ = {isa = PBXFileReference; lastKnownFileType = folder.assetcatalog; path = Assets.xcassets; sourceTree = "<group>"; };
		8654FD5622E8F0E900B91935 /* Base */ = {isa = PBXFileReference; lastKnownFileType = file.storyboard; name = Base; path = Base.lproj/LaunchScreen.storyboard; sourceTree = "<group>"; };
		8654FD5822E8F0E900B91935 /* Info.plist */ = {isa = PBXFileReference; lastKnownFileType = text.plist.xml; path = Info.plist; sourceTree = "<group>"; };
		8654FD6322E8FA0400B91935 /* SwapiApollo.swift */ = {isa = PBXFileReference; lastKnownFileType = sourcecode.swift; path = SwapiApollo.swift; sourceTree = "<group>"; };
		8654FD6722E9AFDD00B91935 /* vehicle.graphql */ = {isa = PBXFileReference; fileEncoding = 4; lastKnownFileType = text; path = vehicle.graphql; sourceTree = "<group>"; };
		8654FD6922E9B04E00B91935 /* schema.json */ = {isa = PBXFileReference; fileEncoding = 4; lastKnownFileType = text.json; path = schema.json; sourceTree = SOURCE_ROOT; };
		8654FD6B22E9BE9C00B91935 /* API.swift */ = {isa = PBXFileReference; fileEncoding = 4; lastKnownFileType = sourcecode.swift; path = API.swift; sourceTree = SOURCE_ROOT; };
		8F626A3F2A3791B9BC8500B4 /* Pods-ApolloTest.release.xcconfig */ = {isa = PBXFileReference; includeInIndex = 1; lastKnownFileType = text.xcconfig; name = "Pods-ApolloTest.release.xcconfig"; path = "Target Support Files/Pods-ApolloTest/Pods-ApolloTest.release.xcconfig"; sourceTree = "<group>"; };
		C00F82C570459C72CA914D75 /* Pods-ApolloTest.debug.xcconfig */ = {isa = PBXFileReference; includeInIndex = 1; lastKnownFileType = text.xcconfig; name = "Pods-ApolloTest.debug.xcconfig"; path = "Target Support Files/Pods-ApolloTest/Pods-ApolloTest.debug.xcconfig"; sourceTree = "<group>"; };
/* End PBXFileReference section */

/* Begin PBXFrameworksBuildPhase section */
		8654FD4622E8F0E700B91935 /* Frameworks */ = {
			isa = PBXFrameworksBuildPhase;
			buildActionMask = 2147483647;
			files = (
				77171125EAA0ACFD07AB9CDC /* Pods_ApolloTest.framework in Frameworks */,
			);
			runOnlyForDeploymentPostprocessing = 0;
		};
/* End PBXFrameworksBuildPhase section */

/* Begin PBXGroup section */
		54B81A1B26A65B23AD50D733 /* Frameworks */ = {
			isa = PBXGroup;
			children = (
				2F0C9E757ACF898D4DEE6573 /* Pods_ApolloTest.framework */,
			);
			name = Frameworks;
			sourceTree = "<group>";
		};
		8654FD4022E8F0E700B91935 = {
			isa = PBXGroup;
			children = (
				8654FD4B22E8F0E700B91935 /* ApolloTest */,
				8654FD4A22E8F0E700B91935 /* Products */,
				E920E7F1890D73C12B80DD12 /* Pods */,
				54B81A1B26A65B23AD50D733 /* Frameworks */,
			);
			sourceTree = "<group>";
		};
		8654FD4A22E8F0E700B91935 /* Products */ = {
			isa = PBXGroup;
			children = (
				8654FD4922E8F0E700B91935 /* ApolloTest.app */,
			);
			name = Products;
			sourceTree = "<group>";
		};
		8654FD4B22E8F0E700B91935 /* ApolloTest */ = {
			isa = PBXGroup;
			children = (
				8654FD4C22E8F0E700B91935 /* AppDelegate.swift */,
				8654FD6B22E9BE9C00B91935 /* API.swift */,
				8654FD6322E8FA0400B91935 /* SwapiApollo.swift */,
				8654FD6722E9AFDD00B91935 /* vehicle.graphql */,
				8654FD6922E9B04E00B91935 /* schema.json */,
				8654FD4E22E8F0E700B91935 /* ViewController.swift */,
				8654FD5022E8F0E700B91935 /* Main.storyboard */,
				8654FD5322E8F0E900B91935 /* Assets.xcassets */,
				8654FD5522E8F0E900B91935 /* LaunchScreen.storyboard */,
				8654FD5822E8F0E900B91935 /* Info.plist */,
			);
			path = ApolloTest;
			sourceTree = "<group>";
		};
		E920E7F1890D73C12B80DD12 /* Pods */ = {
			isa = PBXGroup;
			children = (
				C00F82C570459C72CA914D75 /* Pods-ApolloTest.debug.xcconfig */,
				8F626A3F2A3791B9BC8500B4 /* Pods-ApolloTest.release.xcconfig */,
			);
			path = Pods;
			sourceTree = "<group>";
		};
/* End PBXGroup section */

/* Begin PBXNativeTarget section */
		8654FD4822E8F0E700B91935 /* ApolloTest */ = {
			isa = PBXNativeTarget;
			buildConfigurationList = 8654FD5B22E8F0E900B91935 /* Build configuration list for PBXNativeTarget "ApolloTest" */;
			buildPhases = (
				3933A0BFE0CE42B076D1D651 /* [CP] Check Pods Manifest.lock */,
				8654FD4522E8F0E700B91935 /* Sources */,
				8654FD4622E8F0E700B91935 /* Frameworks */,
				8654FD4722E8F0E700B91935 /* Resources */,
				5D9E10F8EE4C496021B6B41F /* [CP] Embed Pods Frameworks */,
			);
			buildRules = (
			);
			dependencies = (
			);
			name = ApolloTest;
			productName = ApolloTest;
			productReference = 8654FD4922E8F0E700B91935 /* ApolloTest.app */;
			productType = "com.apple.product-type.application";
		};
/* End PBXNativeTarget section */

/* Begin PBXProject section */
		8654FD4122E8F0E700B91935 /* Project object */ = {
			isa = PBXProject;
			attributes = {
				LastSwiftUpdateCheck = 1020;
				LastUpgradeCheck = 1020;
				ORGANIZATIONNAME = Nibs;
				TargetAttributes = {
					8654FD4822E8F0E700B91935 = {
						CreatedOnToolsVersion = 10.2.1;
					};
				};
			};
			buildConfigurationList = 8654FD4422E8F0E700B91935 /* Build configuration list for PBXProject "ApolloTest" */;
			compatibilityVersion = "Xcode 9.3";
			developmentRegion = en;
			hasScannedForEncodings = 0;
			knownRegions = (
				en,
				Base,
			);
			mainGroup = 8654FD4022E8F0E700B91935;
			productRefGroup = 8654FD4A22E8F0E700B91935 /* Products */;
			projectDirPath = "";
			projectRoot = "";
			targets = (
				8654FD4822E8F0E700B91935 /* ApolloTest */,
			);
		};
/* End PBXProject section */

/* Begin PBXResourcesBuildPhase section */
		8654FD4722E8F0E700B91935 /* Resources */ = {
			isa = PBXResourcesBuildPhase;
			buildActionMask = 2147483647;
			files = (
				8654FD6822E9AFDD00B91935 /* vehicle.graphql in Resources */,
				8654FD6A22E9B04E00B91935 /* schema.json in Resources */,
				8654FD5722E8F0E900B91935 /* LaunchScreen.storyboard in Resources */,
				8654FD5422E8F0E900B91935 /* Assets.xcassets in Resources */,
				8654FD5222E8F0E700B91935 /* Main.storyboard in Resources */,
			);
			runOnlyForDeploymentPostprocessing = 0;
		};
/* End PBXResourcesBuildPhase section */

/* Begin PBXShellScriptBuildPhase section */
		3933A0BFE0CE42B076D1D651 /* [CP] Check Pods Manifest.lock */ = {
			isa = PBXShellScriptBuildPhase;
			buildActionMask = 2147483647;
			files = (
			);
			inputFileListPaths = (
			);
			inputPaths = (
				"${PODS_PODFILE_DIR_PATH}/Podfile.lock",
				"${PODS_ROOT}/Manifest.lock",
			);
			name = "[CP] Check Pods Manifest.lock";
			outputFileListPaths = (
			);
			outputPaths = (
				"$(DERIVED_FILE_DIR)/Pods-ApolloTest-checkManifestLockResult.txt",
			);
			runOnlyForDeploymentPostprocessing = 0;
			shellPath = /bin/sh;
			shellScript = "diff \"${PODS_PODFILE_DIR_PATH}/Podfile.lock\" \"${PODS_ROOT}/Manifest.lock\" > /dev/null\nif [ $? != 0 ] ; then\n    # print error to STDERR\n    echo \"error: The sandbox is not in sync with the Podfile.lock. Run 'pod install' or update your CocoaPods installation.\" >&2\n    exit 1\nfi\n# This output is used by Xcode 'outputs' to avoid re-running this script phase.\necho \"SUCCESS\" > \"${SCRIPT_OUTPUT_FILE_0}\"\n";
			showEnvVarsInLog = 0;
		};
		5D9E10F8EE4C496021B6B41F /* [CP] Embed Pods Frameworks */ = {
			isa = PBXShellScriptBuildPhase;
			buildActionMask = 2147483647;
			files = (
			);
			inputFileListPaths = (
			);
			inputPaths = (
				"${PODS_ROOT}/Target Support Files/Pods-ApolloTest/Pods-ApolloTest-frameworks.sh",
				"${BUILT_PRODUCTS_DIR}/Apollo/Apollo.framework",
			);
			name = "[CP] Embed Pods Frameworks";
			outputFileListPaths = (
			);
			outputPaths = (
				"${TARGET_BUILD_DIR}/${FRAMEWORKS_FOLDER_PATH}/Apollo.framework",
			);
			runOnlyForDeploymentPostprocessing = 0;
			shellPath = /bin/sh;
			shellScript = "\"${PODS_ROOT}/Target Support Files/Pods-ApolloTest/Pods-ApolloTest-frameworks.sh\"\n";
			showEnvVarsInLog = 0;
		};
/* End PBXShellScriptBuildPhase section */

/* Begin PBXSourcesBuildPhase section */
		8654FD4522E8F0E700B91935 /* Sources */ = {
			isa = PBXSourcesBuildPhase;
			buildActionMask = 2147483647;
			files = (
				8654FD4F22E8F0E700B91935 /* ViewController.swift in Sources */,
				8654FD6422E8FA0400B91935 /* SwapiApollo.swift in Sources */,
				8654FD6C22E9BE9C00B91935 /* API.swift in Sources */,
				8654FD4D22E8F0E700B91935 /* AppDelegate.swift in Sources */,
			);
			runOnlyForDeploymentPostprocessing = 0;
		};
/* End PBXSourcesBuildPhase section */

/* Begin PBXVariantGroup section */
		8654FD5022E8F0E700B91935 /* Main.storyboard */ = {
			isa = PBXVariantGroup;
			children = (
				8654FD5122E8F0E700B91935 /* Base */,
			);
			name = Main.storyboard;
			sourceTree = "<group>";
		};
		8654FD5522E8F0E900B91935 /* LaunchScreen.storyboard */ = {
			isa = PBXVariantGroup;
			children = (
				8654FD5622E8F0E900B91935 /* Base */,
			);
			name = LaunchScreen.storyboard;
			sourceTree = "<group>";
		};
/* End PBXVariantGroup section */

/* Begin XCBuildConfiguration section */
		8654FD5922E8F0E900B91935 /* Debug */ = {
			isa = XCBuildConfiguration;
			buildSettings = {
				ALWAYS_SEARCH_USER_PATHS = NO;
				CLANG_ANALYZER_NONNULL = YES;
				CLANG_ANALYZER_NUMBER_OBJECT_CONVERSION = YES_AGGRESSIVE;
				CLANG_CXX_LANGUAGE_STANDARD = "gnu++14";
				CLANG_CXX_LIBRARY = "libc++";
				CLANG_ENABLE_MODULES = YES;
				CLANG_ENABLE_OBJC_ARC = YES;
				CLANG_ENABLE_OBJC_WEAK = YES;
				CLANG_WARN_BLOCK_CAPTURE_AUTORELEASING = YES;
				CLANG_WARN_BOOL_CONVERSION = YES;
				CLANG_WARN_COMMA = YES;
				CLANG_WARN_CONSTANT_CONVERSION = YES;
				CLANG_WARN_DEPRECATED_OBJC_IMPLEMENTATIONS = YES;
				CLANG_WARN_DIRECT_OBJC_ISA_USAGE = YES_ERROR;
				CLANG_WARN_DOCUMENTATION_COMMENTS = YES;
				CLANG_WARN_EMPTY_BODY = YES;
				CLANG_WARN_ENUM_CONVERSION = YES;
				CLANG_WARN_INFINITE_RECURSION = YES;
				CLANG_WARN_INT_CONVERSION = YES;
				CLANG_WARN_NON_LITERAL_NULL_CONVERSION = YES;
				CLANG_WARN_OBJC_IMPLICIT_RETAIN_SELF = YES;
				CLANG_WARN_OBJC_LITERAL_CONVERSION = YES;
				CLANG_WARN_OBJC_ROOT_CLASS = YES_ERROR;
				CLANG_WARN_RANGE_LOOP_ANALYSIS = YES;
				CLANG_WARN_STRICT_PROTOTYPES = YES;
				CLANG_WARN_SUSPICIOUS_MOVE = YES;
				CLANG_WARN_UNGUARDED_AVAILABILITY = YES_AGGRESSIVE;
				CLANG_WARN_UNREACHABLE_CODE = YES;
				CLANG_WARN__DUPLICATE_METHOD_MATCH = YES;
				CODE_SIGN_IDENTITY = "iPhone Developer";
				COPY_PHASE_STRIP = NO;
				DEBUG_INFORMATION_FORMAT = dwarf;
				ENABLE_STRICT_OBJC_MSGSEND = YES;
				ENABLE_TESTABILITY = YES;
				GCC_C_LANGUAGE_STANDARD = gnu11;
				GCC_DYNAMIC_NO_PIC = NO;
				GCC_NO_COMMON_BLOCKS = YES;
				GCC_OPTIMIZATION_LEVEL = 0;
				GCC_PREPROCESSOR_DEFINITIONS = (
					"DEBUG=1",
					"$(inherited)",
				);
				GCC_WARN_64_TO_32_BIT_CONVERSION = YES;
				GCC_WARN_ABOUT_RETURN_TYPE = YES_ERROR;
				GCC_WARN_UNDECLARED_SELECTOR = YES;
				GCC_WARN_UNINITIALIZED_AUTOS = YES_AGGRESSIVE;
				GCC_WARN_UNUSED_FUNCTION = YES;
				GCC_WARN_UNUSED_VARIABLE = YES;
				IPHONEOS_DEPLOYMENT_TARGET = 12.2;
				MTL_ENABLE_DEBUG_INFO = INCLUDE_SOURCE;
				MTL_FAST_MATH = YES;
				ONLY_ACTIVE_ARCH = YES;
				SDKROOT = iphoneos;
				SWIFT_ACTIVE_COMPILATION_CONDITIONS = DEBUG;
				SWIFT_OPTIMIZATION_LEVEL = "-Onone";
			};
			name = Debug;
		};
		8654FD5A22E8F0E900B91935 /* Release */ = {
			isa = XCBuildConfiguration;
			buildSettings = {
				ALWAYS_SEARCH_USER_PATHS = NO;
				CLANG_ANALYZER_NONNULL = YES;
				CLANG_ANALYZER_NUMBER_OBJECT_CONVERSION = YES_AGGRESSIVE;
				CLANG_CXX_LANGUAGE_STANDARD = "gnu++14";
				CLANG_CXX_LIBRARY = "libc++";
				CLANG_ENABLE_MODULES = YES;
				CLANG_ENABLE_OBJC_ARC = YES;
				CLANG_ENABLE_OBJC_WEAK = YES;
				CLANG_WARN_BLOCK_CAPTURE_AUTORELEASING = YES;
				CLANG_WARN_BOOL_CONVERSION = YES;
				CLANG_WARN_COMMA = YES;
				CLANG_WARN_CONSTANT_CONVERSION = YES;
				CLANG_WARN_DEPRECATED_OBJC_IMPLEMENTATIONS = YES;
				CLANG_WARN_DIRECT_OBJC_ISA_USAGE = YES_ERROR;
				CLANG_WARN_DOCUMENTATION_COMMENTS = YES;
				CLANG_WARN_EMPTY_BODY = YES;
				CLANG_WARN_ENUM_CONVERSION = YES;
				CLANG_WARN_INFINITE_RECURSION = YES;
				CLANG_WARN_INT_CONVERSION = YES;
				CLANG_WARN_NON_LITERAL_NULL_CONVERSION = YES;
				CLANG_WARN_OBJC_IMPLICIT_RETAIN_SELF = YES;
				CLANG_WARN_OBJC_LITERAL_CONVERSION = YES;
				CLANG_WARN_OBJC_ROOT_CLASS = YES_ERROR;
				CLANG_WARN_RANGE_LOOP_ANALYSIS = YES;
				CLANG_WARN_STRICT_PROTOTYPES = YES;
				CLANG_WARN_SUSPICIOUS_MOVE = YES;
				CLANG_WARN_UNGUARDED_AVAILABILITY = YES_AGGRESSIVE;
				CLANG_WARN_UNREACHABLE_CODE = YES;
				CLANG_WARN__DUPLICATE_METHOD_MATCH = YES;
				CODE_SIGN_IDENTITY = "iPhone Developer";
				COPY_PHASE_STRIP = NO;
				DEBUG_INFORMATION_FORMAT = "dwarf-with-dsym";
				ENABLE_NS_ASSERTIONS = NO;
				ENABLE_STRICT_OBJC_MSGSEND = YES;
				GCC_C_LANGUAGE_STANDARD = gnu11;
				GCC_NO_COMMON_BLOCKS = YES;
				GCC_WARN_64_TO_32_BIT_CONVERSION = YES;
				GCC_WARN_ABOUT_RETURN_TYPE = YES_ERROR;
				GCC_WARN_UNDECLARED_SELECTOR = YES;
				GCC_WARN_UNINITIALIZED_AUTOS = YES_AGGRESSIVE;
				GCC_WARN_UNUSED_FUNCTION = YES;
				GCC_WARN_UNUSED_VARIABLE = YES;
				IPHONEOS_DEPLOYMENT_TARGET = 12.2;
				MTL_ENABLE_DEBUG_INFO = NO;
				MTL_FAST_MATH = YES;
				SDKROOT = iphoneos;
				SWIFT_COMPILATION_MODE = wholemodule;
				SWIFT_OPTIMIZATION_LEVEL = "-O";
				VALIDATE_PRODUCT = YES;
			};
			name = Release;
		};
		8654FD5C22E8F0E900B91935 /* Debug */ = {
			isa = XCBuildConfiguration;
			baseConfigurationReference = C00F82C570459C72CA914D75 /* Pods-ApolloTest.debug.xcconfig */;
			buildSettings = {
				ASSETCATALOG_COMPILER_APPICON_NAME = AppIcon;
				CODE_SIGN_STYLE = Automatic;
				DEVELOPMENT_TEAM = ADM5VU736Y;
				INFOPLIST_FILE = ApolloTest/Info.plist;
				LD_RUNPATH_SEARCH_PATHS = (
					"$(inherited)",
					"@executable_path/Frameworks",
				);
				PRODUCT_BUNDLE_IDENTIFIER = xy.example..ApolloTest;
				PRODUCT_NAME = "$(TARGET_NAME)";
				SWIFT_VERSION = 5.0;
				TARGETED_DEVICE_FAMILY = "1,2";
			};
			name = Debug;
		};
		8654FD5D22E8F0E900B91935 /* Release */ = {
			isa = XCBuildConfiguration;
			baseConfigurationReference = 8F626A3F2A3791B9BC8500B4 /* Pods-ApolloTest.release.xcconfig */;
			buildSettings = {
				ASSETCATALOG_COMPILER_APPICON_NAME = AppIcon;
				CODE_SIGN_STYLE = Automatic;
				DEVELOPMENT_TEAM = ADM5VU736Y;
				INFOPLIST_FILE = ApolloTest/Info.plist;
				LD_RUNPATH_SEARCH_PATHS = (
					"$(inherited)",
					"@executable_path/Frameworks",
				);
				PRODUCT_BUNDLE_IDENTIFIER = xy.example..ApolloTest;
				PRODUCT_NAME = "$(TARGET_NAME)";
				SWIFT_VERSION = 5.0;
				TARGETED_DEVICE_FAMILY = "1,2";
			};
			name = Release;
		};
/* End XCBuildConfiguration section */

/* Begin XCConfigurationList section */
		8654FD4422E8F0E700B91935 /* Build configuration list for PBXProject "ApolloTest" */ = {
			isa = XCConfigurationList;
			buildConfigurations = (
				8654FD5922E8F0E900B91935 /* Debug */,
				8654FD5A22E8F0E900B91935 /* Release */,
			);
			defaultConfigurationIsVisible = 0;
			defaultConfigurationName = Release;
		};
		8654FD5B22E8F0E900B91935 /* Build configuration list for PBXNativeTarget "ApolloTest" */ = {
			isa = XCConfigurationList;
			buildConfigurations = (
				8654FD5C22E8F0E900B91935 /* Debug */,
				8654FD5D22E8F0E900B91935 /* Release */,
			);
			defaultConfigurationIsVisible = 0;
			defaultConfigurationName = Release;
		};
/* End XCConfigurationList section */
	};
	rootObject = 8654FD4122E8F0E700B91935 /* Project object */;
}
