PODS:
  - Apollo (0.13.0):
    - Apollo/Core (= 0.13.0)
  - Apollo/Core (0.13.0)

DEPENDENCIES:
  - Apollo (= 0.13.0)

SPEC REPOS:
  https://github.com/cocoapods/specs.git:
    - Apollo

SPEC CHECKSUMS:
  Apollo: 603a59c12046c50f3188f4e5dfdae080d20ded55

PODFILE CHECKSUM: ab37507ef25f73aa9650c5b77d600c67728156f2

COCOAPODS: 1.6.1
